
Microsoft Visual Studio Solution File, Format Version 12.00
# Visual Studio 2013
VisualStudioVersion = 12.0.30723.0
MinimumVisualStudioVersion = 10.0.40219.1
Project("{FAE04EC0-301F-11D3-BF4B-00C04F79EFBC}") = "ISE.ServiceDesk.DataAccess", "ISE.ServiceDesk.DataAccess\ISE.ServiceDesk.DataAccess.csproj", "{DD4DFD68-5853-48F4-B06D-3F27DE888657}"
EndProject
Project("{FAE04EC0-301F-11D3-BF4B-00C04F79EFBC}") = "ISE.ServiceDesk.Bussiness", "ISE.ServiceDesk.Bussiness\ISE.ServiceDesk.Bussiness.csproj", "{237317DF-EE4B-473F-8881-6A8117D3C437}"
EndProject
Project("{FAE04EC0-301F-11D3-BF4B-00C04F79EFBC}") = "ISE.ServiceDesk.Common", "ISE.ServiceDesk.Common\ISE.ServiceDesk.Common.csproj", "{0D993E74-4ADF-41DA-A019-8C3B21353E75}"
EndProject
Project("{FAE04EC0-301F-11D3-BF4B-00C04F79EFBC}") = "ISE.ServiceDesk.Service", "ISE.ServiceDesk.Service\ISE.ServiceDesk.Service.csproj", "{26528391-78C0-4FF4-A737-F49FA9F31718}"
EndProject
Project("{FAE04EC0-301F-11D3-BF4B-00C04F79EFBC}") = "ISE.ServiceDesk.Client.Common", "ISE.ServiceDesk.Client.Common\ISE.ServiceDesk.Client.Common.csproj", "{167DD1FB-E98A-4613-8961-E33C78F390BB}"
EndProject
Project("{FAE04EC0-301F-11D3-BF4B-00C04F79EFBC}") = "ISE.ServiceDesk.Client", "ISE.ServiceDesk.Client\ISE.ServiceDesk.Client.csproj", "{8EA34B31-A8BA-4A58-9589-7E2F62E8DE4C}"
EndProject
Project("{FAE04EC0-301F-11D3-BF4B-00C04F79EFBC}") = "ISE.ServiceDesk.Service.ConsoleHost", "ISE.ServiceDesk.Service.ConsoleHost\ISE.ServiceDesk.Service.ConsoleHost.csproj", "{C1810838-3381-4C84-89D0-BAC65BF9CA4A}"
EndProject
Project("{FAE04EC0-301F-11D3-BF4B-00C04F79EFBC}") = "ISE.ServiceDesk.Winfom", "ISE.ServiceDesk.Winfom\ISE.ServiceDesk.Winfom.csproj", "{5085C476-1775-4A1B-A4ED-1783922D541A}"
EndProject
Project("{FAE04EC0-301F-11D3-BF4B-00C04F79EFBC}") = "ISE.ServiceDesk.Model", "ISE.ServiceDesk.Model\ISE.ServiceDesk.Model.csproj", "{E545C6ED-D805-47BC-ACC1-A19CB08CC3DC}"
EndProject
Project("{FAE04EC0-301F-11D3-BF4B-00C04F79EFBC}") = "UnitTestProject1", "UnitTestProject1\UnitTestProject1.csproj", "{122FC079-26B4-4304-8D64-746104BD07BF}"
EndProject
Project("{FAE04EC0-301F-11D3-BF4B-00C04F79EFBC}") = "WcfService1", "WcfService1\WcfService1.csproj", "{40E68D5F-39F2-42DD-9A75-D80F633218B8}"
EndProject
Global
	GlobalSection(SolutionConfigurationPlatforms) = preSolution
		Debug|Any CPU = Debug|Any CPU
		Release|Any CPU = Release|Any CPU
	EndGlobalSection
	GlobalSection(ProjectConfigurationPlatforms) = postSolution
		{DD4DFD68-5853-48F4-B06D-3F27DE888657}.Debug|Any CPU.ActiveCfg = Debug|Any CPU
		{DD4DFD68-5853-48F4-B06D-3F27DE888657}.Debug|Any CPU.Build.0 = Debug|Any CPU
		{DD4DFD68-5853-48F4-B06D-3F27DE888657}.Release|Any CPU.ActiveCfg = Release|Any CPU
		{DD4DFD68-5853-48F4-B06D-3F27DE888657}.Release|Any CPU.Build.0 = Release|Any CPU
		{237317DF-EE4B-473F-8881-6A8117D3C437}.Debug|Any CPU.ActiveCfg = Debug|Any CPU
		{237317DF-EE4B-473F-8881-6A8117D3C437}.Debug|Any CPU.Build.0 = Debug|Any CPU
		{237317DF-EE4B-473F-8881-6A8117D3C437}.Release|Any CPU.ActiveCfg = Release|Any CPU
		{237317DF-EE4B-473F-8881-6A8117D3C437}.Release|Any CPU.Build.0 = Release|Any CPU
		{0D993E74-4ADF-41DA-A019-8C3B21353E75}.Debug|Any CPU.ActiveCfg = Debug|Any CPU
		{0D993E74-4ADF-41DA-A019-8C3B21353E75}.Debug|Any CPU.Build.0 = Debug|Any CPU
		{0D993E74-4ADF-41DA-A019-8C3B21353E75}.Release|Any CPU.ActiveCfg = Release|Any CPU
		{0D993E74-4ADF-41DA-A019-8C3B21353E75}.Release|Any CPU.Build.0 = Release|Any CPU
		{26528391-78C0-4FF4-A737-F49FA9F31718}.Debug|Any CPU.ActiveCfg = Debug|Any CPU
		{26528391-78C0-4FF4-A737-F49FA9F31718}.Debug|Any CPU.Build.0 = Debug|Any CPU
		{26528391-78C0-4FF4-A737-F49FA9F31718}.Release|Any CPU.ActiveCfg = Release|Any CPU
		{26528391-78C0-4FF4-A737-F49FA9F31718}.Release|Any CPU.Build.0 = Release|Any CPU
		{167DD1FB-E98A-4613-8961-E33C78F390BB}.Debug|Any CPU.ActiveCfg = Debug|Any CPU
		{167DD1FB-E98A-4613-8961-E33C78F390BB}.Debug|Any CPU.Build.0 = Debug|Any CPU
		{167DD1FB-E98A-4613-8961-E33C78F390BB}.Release|Any CPU.ActiveCfg = Release|Any CPU
		{167DD1FB-E98A-4613-8961-E33C78F390BB}.Release|Any CPU.Build.0 = Release|Any CPU
		{8EA34B31-A8BA-4A58-9589-7E2F62E8DE4C}.Debug|Any CPU.ActiveCfg = Debug|Any CPU
		{8EA34B31-A8BA-4A58-9589-7E2F62E8DE4C}.Debug|Any CPU.Build.0 = Debug|Any CPU
		{8EA34B31-A8BA-4A58-9589-7E2F62E8DE4C}.Release|Any CPU.ActiveCfg = Release|Any CPU
		{8EA34B31-A8BA-4A58-9589-7E2F62E8DE4C}.Release|Any CPU.Build.0 = Release|Any CPU
		{C1810838-3381-4C84-89D0-BAC65BF9CA4A}.Debug|Any CPU.ActiveCfg = Debug|Any CPU
		{C1810838-3381-4C84-89D0-BAC65BF9CA4A}.Debug|Any CPU.Build.0 = Debug|Any CPU
		{C1810838-3381-4C84-89D0-BAC65BF9CA4A}.Release|Any CPU.ActiveCfg = Release|Any CPU
		{C1810838-3381-4C84-89D0-BAC65BF9CA4A}.Release|Any CPU.Build.0 = Release|Any CPU
		{5085C476-1775-4A1B-A4ED-1783922D541A}.Debug|Any CPU.ActiveCfg = Debug|Any CPU
		{5085C476-1775-4A1B-A4ED-1783922D541A}.Debug|Any CPU.Build.0 = Debug|Any CPU
		{5085C476-1775-4A1B-A4ED-1783922D541A}.Release|Any CPU.ActiveCfg = Release|Any CPU
		{5085C476-1775-4A1B-A4ED-1783922D541A}.Release|Any CPU.Build.0 = Release|Any CPU
		{E545C6ED-D805-47BC-ACC1-A19CB08CC3DC}.Debug|Any CPU.ActiveCfg = Debug|Any CPU
		{E545C6ED-D805-47BC-ACC1-A19CB08CC3DC}.Debug|Any CPU.Build.0 = Debug|Any CPU
		{E545C6ED-D805-47BC-ACC1-A19CB08CC3DC}.Release|Any CPU.ActiveCfg = Release|Any CPU
		{E545C6ED-D805-47BC-ACC1-A19CB08CC3DC}.Release|Any CPU.Build.0 = Release|Any CPU
		{122FC079-26B4-4304-8D64-746104BD07BF}.Debug|Any CPU.ActiveCfg = Debug|Any CPU
		{122FC079-26B4-4304-8D64-746104BD07BF}.Debug|Any CPU.Build.0 = Debug|Any CPU
		{122FC079-26B4-4304-8D64-746104BD07BF}.Release|Any CPU.ActiveCfg = Release|Any CPU
		{122FC079-26B4-4304-8D64-746104BD07BF}.Release|Any CPU.Build.0 = Release|Any CPU
		{40E68D5F-39F2-42DD-9A75-D80F633218B8}.Debug|Any CPU.ActiveCfg = Debug|Any CPU
		{40E68D5F-39F2-42DD-9A75-D80F633218B8}.Debug|Any CPU.Build.0 = Debug|Any CPU
		{40E68D5F-39F2-42DD-9A75-D80F633218B8}.Release|Any CPU.ActiveCfg = Release|Any CPU
		{40E68D5F-39F2-42DD-9A75-D80F633218B8}.Release|Any CPU.Build.0 = Release|Any CPU
	EndGlobalSection
	GlobalSection(SolutionProperties) = preSolution
		HideSolutionNode = FALSE
	EndGlobalSection
EndGlobal
